
Microsoft Visual Studio Solution File, Format Version 12.00
# Visual Studio Version 16
VisualStudioVersion = 16.0.29409.12
MinimumVisualStudioVersion = 10.0.40219.1
Project("{FAE04EC0-301F-11D3-BF4B-00C04F79EFBC}") = "WebApplication1", "WebApplication1\WebApplication1.csproj", "{E4A74120-CAB3-45E5-B946-27222CC77D87}"
EndProject
Global
	GlobalSection(SolutionConfigurationPlatforms) = preSolution
		Debug|Any CPU = Debug|Any CPU
		Release|Any CPU = Release|Any CPU
	EndGlobalSection
	GlobalSection(ProjectConfigurationPlatforms) = postSolution
		{E4A74120-CAB3-45E5-B946-27222CC77D87}.Debug|Any CPU.ActiveCfg = Debug|Any CPU
		{E4A74120-CAB3-45E5-B946-27222CC77D87}.Debug|Any CPU.Build.0 = Debug|Any CPU
		{E4A74120-CAB3-45E5-B946-27222CC77D87}.Release|Any CPU.ActiveCfg = Release|Any CPU
		{E4A74120-CAB3-45E5-B946-27222CC77D87}.Release|Any CPU.Build.0 = Release|Any CPU
	EndGlobalSection
	GlobalSection(SolutionProperties) = preSolution
		HideSolutionNode = FALSE
	EndGlobalSection
	GlobalSection(ExtensibilityGlobals) = postSolution
		SolutionGuid = {000B8DD2-C581-40BA-926B-06192914BC91}
	EndGlobalSection
EndGlobal
